version: v0.141.0
dependencies:
- name: cert-manager
  repository: https://charts.jetstack.io
  version: v1.5.4
- name: cert-manager-webhook-dnsimple
  repository: https://charts.neoskop.dev
  version: 0.1.1
digest: sha256:c53fbf5f5ac44e2214a97ceda0cf2975f268ab21e2224f37e800e8acdb83d8db
generated: "2022-01-01T10:13:27.320666299Z"
