version: v0.141.0
dependencies:
- name: cert-manager
  repository: https://charts.jetstack.io
  version: v1.6.3
- name: cert-manager-webhook-dnsimple
  repository: https://charts.neoskop.dev
  version: 0.1.2
digest: sha256:f30a99f9846f840c1738a492e08ea139e346ca7229af4568ac2d35a0e117fa79
generated: "2024-02-28T10:10:28.134880917Z"
