version: v0.141.0
dependencies:
- name: cert-manager
  repository: https://charts.jetstack.io
  version: v1.5.4
- name: cert-manager-webhook-dnsimple
  repository: https://charts.neoskop.dev
  version: 0.1.0
digest: sha256:3627f9f3634e6f128a79ec1feb4f67572d3573bc55e55b87cef82ad8f09e86de
generated: "2021-10-11T02:26:31.8490305Z"
