version: v0.141.0
dependencies:
- name: rook-ceph
  repository: https://charts.rook.io/release
  version: v1.8.1
- name: rook-ceph-cluster
  repository: https://charts.rook.io/release
  version: v1.8.1
- name: traefik-custom-resources
  repository: https://helm.monetact.net
  version: 0.3.0
digest: sha256:79cd721445a86803cb20b6690b734450b0137de85b6f072543d577e12d0d6707
generated: "2022-01-01T10:17:24.186207814Z"
