version: v0.141.0
dependencies:
- name: rook-ceph
  repository: https://charts.rook.io/release
  version: v1.15.4
- name: rook-ceph-cluster
  repository: https://charts.rook.io/release
  version: v1.15.4
- name: traefik-custom-resources
  repository: https://helm.monetact.net
  version: 0.3.0
digest: sha256:1653fff2d5433655d54fadf652d1e3b0acae23f0fce2f7b9cb50058cb09be2c7
generated: "2024-10-24T10:14:20.824312059Z"
