version: v0.141.0
dependencies:
- name: rook-ceph
  repository: https://charts.rook.io/release
  version: v1.7.6
- name: rook-ceph-cluster
  repository: https://charts.rook.io/release
  version: v1.7.6
- name: traefik-custom-resources
  repository: https://helm.monetact.net
  version: 0.2.15
digest: sha256:e435b793f0af5ced56972747b22140c08faf7694ce80a2a04c5b4905ea0c4577
generated: "2021-10-24T06:59:25.63686463Z"
