version: v0.141.0
dependencies:
- name: cert-manager-tls
  repository: https://helm.monetact.net
  version: 2.0.6
- name: snapshot-controller
  repository: https://piraeus.io/helm-charts/
  version: 1.2.1
- name: snapshot-validation-webhook
  repository: https://piraeus.io/helm-charts/
  version: 1.2.1
digest: sha256:c754a753546e45a5783a551705042356aafe45a223952382218fea573bb52b3d
generated: "2022-04-24T10:14:15.146321077Z"
