version: v0.141.0
dependencies:
- name: cert-manager-tls
  repository: https://helm.monetact.net
  version: 1.1.0
- name: traefik
  repository: https://helm.traefik.io/traefik
  version: 10.6.2
- name: traefik-custom-resources
  repository: https://helm.monetact.net
  version: 0.3.0
digest: sha256:de1ce0da20532e20064ca1363d8eb311efe71d6f828c7b2753d42cd284e8f505
generated: "2021-11-29T10:13:09.087531584Z"
