version: v0.141.0
dependencies:
- name: cert-manager-tls
  repository: https://helm.monetact.net
  version: 1.1.0
- name: traefik
  repository: https://helm.traefik.io/traefik
  version: 10.14.2
- name: traefik-custom-resources
  repository: https://helm.monetact.net
  version: 0.3.0
digest: sha256:767ea110852ec0c8a4a4e313d3e20d970e7dd9fac5831d9c159bf04e436612a9
generated: "2022-02-27T10:16:28.193869467Z"
