version: v0.141.0
dependencies:
- name: cert-manager-tls
  repository: https://helm.monetact.net
  version: 1.1.0
- name: traefik
  repository: https://helm.traefik.io/traefik
  version: 10.13.0
- name: traefik-custom-resources
  repository: https://helm.monetact.net
  version: 0.3.0
digest: sha256:b3bd8d9e243700fd35d82e43c5aa05bd5fea922294a8eac1be909faef4c40b18
generated: "2022-02-03T05:29:27.024359853Z"
