version: v0.141.0
dependencies:
- name: longhorn
  repository: https://charts.longhorn.io
  version: 1.3.2
- name: traefik-custom-resources
  repository: https://helm.monetact.net
  version: 0.3.0
digest: sha256:2c748445ff6640092ac2f363ab6bd0dea5ad74b69767dc4264cddca29de3c8af
generated: "2022-12-29T10:11:00.895188168Z"
