version: v0.141.0
dependencies:
- name: longhorn
  repository: https://charts.longhorn.io
  version: 1.2.3
- name: traefik-custom-resources
  repository: https://helm.monetact.net
  version: 0.3.0
digest: sha256:525deedcc52b7f8586cc18e95a6dc8e08bde332ed03fb91193e35a26fb9bb35b
generated: "2022-02-10T10:11:47.321752354Z"
