version: v0.141.0
dependencies:
- name: prometheus
  repository: https://prometheus-community.github.io/helm-charts
  version: 15.1.2
- name: prometheus-node-exporter
  repository: https://prometheus-community.github.io/helm-charts
  version: 2.5.0
digest: sha256:f08ea8954c7560e48e45be50844145e22eb499725a284613e08fce95db5415cf
generated: "2022-02-03T04:56:25.573895931Z"
