version: v0.141.0
dependencies:
- name: prometheus
  repository: https://prometheus-community.github.io/helm-charts
  version: 14.12.0
- name: prometheus-node-exporter
  repository: https://prometheus-community.github.io/helm-charts
  version: 2.2.1
digest: sha256:b23720c599462cafbd275fa6f8d1b224ae5e48a46aea8d586365636f677e8aa1
generated: "2021-11-27T10:12:04.950869774Z"
