version: v0.141.0
dependencies:
- name: cert-manager-tls
  repository: https://helm.monetact.net
  version: 1.1.0
- name: pomerium
  repository: https://helm.pomerium.io
  version: 25.0.0
- name: traefik-custom-resources
  repository: https://helm.monetact.net
  version: 2.0.6
digest: sha256:71a20d3ac7dc7b6b16b640bd85a7f170f0473873a0b2dc741693914860409039
generated: "2021-11-02T03:10:10.556282922Z"
