version: v0.141.0
dependencies:
- name: cert-manager-tls
  repository: https://helm.monetact.net
  version: 1.1.0
- name: pomerium
  repository: https://helm.pomerium.io
  version: 28.0.2
- name: traefik-custom-resources
  repository: https://helm.monetact.net
  version: 2.0.7
digest: sha256:0dad5ca2f5fadd765404742113b5b8d26a9e8059cb8e000d8063217697513cc5
generated: "2024-10-21T10:14:47.641546294Z"
