version: v0.141.0
dependencies:
- name: minecraft
  repository: https://itzg.github.io/minecraft-server-charts/
  version: 3.6.0
- name: raw
  repository: https://bedag.github.io/helm-charts/
  version: 1.1.0
- name: traefik-custom-resources
  repository: https://helm.monetact.net
  version: 2.0.7
- name: velocity
  repository: https://helm.monetact.net
  version: 0.2.0
digest: sha256:ca703afa2767946f278408b213803ec64979164a01ac56ebfa701eceaa6f6f9d
generated: "2021-11-28T17:38:26.424657921Z"
