version: v0.141.0
dependencies:
- name: minecraft
  repository: https://itzg.github.io/minecraft-server-charts/
  version: 3.6.7
- name: raw
  repository: https://bedag.github.io/helm-charts/
  version: 1.1.0
- name: traefik-custom-resources
  repository: https://helm.monetact.net
  version: 2.0.7
- name: velocity
  repository: https://helm.monetact.net
  version: 0.3.0
digest: sha256:999c380a10aac74a9f966a5d4ce2e56356f7b76b966865caa6111f98a7b8670f
generated: "2023-09-01T10:10:45.904670121Z"
