version: v0.141.0
dependencies:
- name: minecraft
  repository: https://itzg.github.io/minecraft-server-charts/
  version: 3.6.7
- name: raw
  repository: https://bedag.github.io/helm-charts/
  version: 1.1.0
- name: traefik-custom-resources
  repository: https://helm.monetact.net
  version: 2.0.7
- name: velocity
  repository: https://helm.monetact.net
  version: 0.3.0
digest: sha256:fcfdb18fa4c2e5b969e7a3a46c80f193230c9c02624e2d992029a17315a8dd84
generated: "2023-02-10T10:12:59.644472064Z"
