version: v0.141.0
dependencies:
- name: argo-cd
  repository: https://argoproj.github.io/argo-helm
  version: 3.26.8
- name: argocd-applicationset
  repository: https://argoproj.github.io/argo-helm
  version: 1.6.0
- name: traefik-custom-resources
  repository: https://helm.monetact.net
  version: 0.3.0
digest: sha256:3d138d0e01b4ecac5016b9671228c2e62a94a7029e97a05b2555eb08e4b0a7a2
generated: "2021-11-12T10:10:21.992401457Z"
